Microsoft Visual Studio Solution File, Format Version 11.00
# Visual C++ Express 2010
Project("{8BC9CEB8-8B4A-11D0-8D11-00A0C91BC942}") = "nwnx_patch", "nwnx_patch.vcxproj", "{C488A2ED-636C-4EED-9F03-B91626A6FDD7}"
EndProject
Global
	GlobalSection(SolutionConfigurationPlatforms) = preSolution
		Debug|Win32 = Debug|Win32
		Release|Win32 = Release|Win32
	EndGlobalSection
	GlobalSection(ProjectConfigurationPlatforms) = postSolution
		{C488A2ED-636C-4EED-9F03-B91626A6FDD7}.Debug|Win32.ActiveCfg = Debug|Win32
		{C488A2ED-636C-4EED-9F03-B91626A6FDD7}.Debug|Win32.Build.0 = Debug|Win32
		{C488A2ED-636C-4EED-9F03-B91626A6FDD7}.Release|Win32.ActiveCfg = Release|Win32
		{C488A2ED-636C-4EED-9F03-B91626A6FDD7}.Release|Win32.Build.0 = Release|Win32
	EndGlobalSection
	GlobalSection(SolutionProperties) = preSolution
		HideSolutionNode = FALSE
	EndGlobalSection
EndGlobal
